
Microsoft Visual Studio Solution File, Format Version 12.00
# Visual Studio Version 16
VisualStudioVersion = 16.0.30804.86
MinimumVisualStudioVersion = 10.0.40219.1
Project("{FAE04EC0-301F-11D3-BF4B-00C04F79EFBC}") = "Sayı tahmin etme oyunu", "Sayı tahmin etme oyunu\Sayı tahmin etme oyunu.csproj", "{DF06DF50-DBCB-4C2C-8F1C-157AA2F736CF}"
EndProject
Global
	GlobalSection(SolutionConfigurationPlatforms) = preSolution
		Debug|Any CPU = Debug|Any CPU
		Release|Any CPU = Release|Any CPU
	EndGlobalSection
	GlobalSection(ProjectConfigurationPlatforms) = postSolution
		{DF06DF50-DBCB-4C2C-8F1C-157AA2F736CF}.Debug|Any CPU.ActiveCfg = Debug|Any CPU
		{DF06DF50-DBCB-4C2C-8F1C-157AA2F736CF}.Debug|Any CPU.Build.0 = Debug|Any CPU
		{DF06DF50-DBCB-4C2C-8F1C-157AA2F736CF}.Release|Any CPU.ActiveCfg = Release|Any CPU
		{DF06DF50-DBCB-4C2C-8F1C-157AA2F736CF}.Release|Any CPU.Build.0 = Release|Any CPU
	EndGlobalSection
	GlobalSection(SolutionProperties) = preSolution
		HideSolutionNode = FALSE
	EndGlobalSection
	GlobalSection(ExtensibilityGlobals) = postSolution
		SolutionGuid = {8F18762D-488F-4986-BE28-87253BD42419}
	EndGlobalSection
EndGlobal
